
Microsoft Visual Studio Solution File, Format Version 12.00
# Visual Studio Version 17
VisualStudioVersion = 17.10.34928.147
MinimumVisualStudioVersion = 10.0.40219.1
Project("{FAE04EC0-301F-11D3-BF4B-00C04F79EFBC}") = "eingabe", "eingabe\eingabe.csproj", "{3033C637-848E-425A-AD2A-7EE0FEA04E33}"
EndProject
Global
	GlobalSection(SolutionConfigurationPlatforms) = preSolution
		Debug|Any CPU = Debug|Any CPU
		Release|Any CPU = Release|Any CPU
	EndGlobalSection
	GlobalSection(ProjectConfigurationPlatforms) = postSolution
		{3033C637-848E-425A-AD2A-7EE0FEA04E33}.Debug|Any CPU.ActiveCfg = Debug|Any CPU
		{3033C637-848E-425A-AD2A-7EE0FEA04E33}.Debug|Any CPU.Build.0 = Debug|Any CPU
		{3033C637-848E-425A-AD2A-7EE0FEA04E33}.Release|Any CPU.ActiveCfg = Release|Any CPU
		{3033C637-848E-425A-AD2A-7EE0FEA04E33}.Release|Any CPU.Build.0 = Release|Any CPU
	EndGlobalSection
	GlobalSection(SolutionProperties) = preSolution
		HideSolutionNode = FALSE
	EndGlobalSection
	GlobalSection(ExtensibilityGlobals) = postSolution
		SolutionGuid = {FD1C6DCD-3F1E-4C7A-951C-E3C44EC95B6B}
	EndGlobalSection
EndGlobal
